
Microsoft Visual Studio Solution File, Format Version 12.00
# Visual Studio 2013
VisualStudioVersion = 12.0.31101.0
MinimumVisualStudioVersion = 10.0.40219.1
Project("{FAE04EC0-301F-11D3-BF4B-00C04F79EFBC}") = "AzCopyBackup", "AzCopyBackup\AzCopyBackup.csproj", "{E515014A-54B3-402B-9D03-E419AA118457}"
EndProject
Project("{FAE04EC0-301F-11D3-BF4B-00C04F79EFBC}") = "Full-Backup", "Full-Backup\Full-Backup.csproj", "{63BA0B50-E6AA-4084-811D-C62754CFB035}"
EndProject
Project("{FAE04EC0-301F-11D3-BF4B-00C04F79EFBC}") = "Incremental-Backup", "Incremental-Backup\Incremental-Backup.csproj", "{9679E67A-42BF-4270-9D56-FC9358529E24}"
EndProject
Project("{FAE04EC0-301F-11D3-BF4B-00C04F79EFBC}") = "BackupExec", "BackupExec\BackupExec.csproj", "{82526F6D-20BA-41F6-A5A4-2B53C929CDBF}"
EndProject
Global
	GlobalSection(SolutionConfigurationPlatforms) = preSolution
		Debug|Any CPU = Debug|Any CPU
		Release|Any CPU = Release|Any CPU
	EndGlobalSection
	GlobalSection(ProjectConfigurationPlatforms) = postSolution
		{E515014A-54B3-402B-9D03-E419AA118457}.Debug|Any CPU.ActiveCfg = Debug|Any CPU
		{E515014A-54B3-402B-9D03-E419AA118457}.Debug|Any CPU.Build.0 = Debug|Any CPU
		{E515014A-54B3-402B-9D03-E419AA118457}.Release|Any CPU.ActiveCfg = Release|Any CPU
		{E515014A-54B3-402B-9D03-E419AA118457}.Release|Any CPU.Build.0 = Release|Any CPU
		{63BA0B50-E6AA-4084-811D-C62754CFB035}.Debug|Any CPU.ActiveCfg = Debug|Any CPU
		{63BA0B50-E6AA-4084-811D-C62754CFB035}.Debug|Any CPU.Build.0 = Debug|Any CPU
		{63BA0B50-E6AA-4084-811D-C62754CFB035}.Release|Any CPU.ActiveCfg = Release|Any CPU
		{63BA0B50-E6AA-4084-811D-C62754CFB035}.Release|Any CPU.Build.0 = Release|Any CPU
		{9679E67A-42BF-4270-9D56-FC9358529E24}.Debug|Any CPU.ActiveCfg = Debug|Any CPU
		{9679E67A-42BF-4270-9D56-FC9358529E24}.Debug|Any CPU.Build.0 = Debug|Any CPU
		{9679E67A-42BF-4270-9D56-FC9358529E24}.Release|Any CPU.ActiveCfg = Release|Any CPU
		{9679E67A-42BF-4270-9D56-FC9358529E24}.Release|Any CPU.Build.0 = Release|Any CPU
		{82526F6D-20BA-41F6-A5A4-2B53C929CDBF}.Debug|Any CPU.ActiveCfg = Debug|Any CPU
		{82526F6D-20BA-41F6-A5A4-2B53C929CDBF}.Debug|Any CPU.Build.0 = Debug|Any CPU
		{82526F6D-20BA-41F6-A5A4-2B53C929CDBF}.Release|Any CPU.ActiveCfg = Release|Any CPU
		{82526F6D-20BA-41F6-A5A4-2B53C929CDBF}.Release|Any CPU.Build.0 = Release|Any CPU
	EndGlobalSection
	GlobalSection(SolutionProperties) = preSolution
		HideSolutionNode = FALSE
	EndGlobalSection
EndGlobal
